// !$*UTF8*$!
{
	archiveVersion = 1;
	classes = {
	};
	objectVersion = 48;
	objects = {

/* Begin PBXBuildFile section */
		386174D120ACE37300CCB40A /* MemesTableViewController.swift in Sources */ = {isa = PBXBuildFile; fileRef = 386174D020ACE37200CCB40A /* MemesTableViewController.swift */; };
		386174D320ACE3B200CCB40A /* MemeDescriptionController.swift in Sources */ = {isa = PBXBuildFile; fileRef = 386174D220ACE3B200CCB40A /* MemeDescriptionController.swift */; };
		386174D520ACE95900CCB40A /* MemeTableViewCell.swift in Sources */ = {isa = PBXBuildFile; fileRef = 386174D420ACE95900CCB40A /* MemeTableViewCell.swift */; };
		386174D720ACEA2A00CCB40A /* MemeModel.swift in Sources */ = {isa = PBXBuildFile; fileRef = 386174D620ACEA2A00CCB40A /* MemeModel.swift */; };
		38F5C07D20AC3B2A00B83C50 /* AppDelegate.swift in Sources */ = {isa = PBXBuildFile; fileRef = 38F5C07C20AC3B2A00B83C50 /* AppDelegate.swift */; };
		38F5C07F20AC3B2A00B83C50 /* ViewController.swift in Sources */ = {isa = PBXBuildFile; fileRef = 38F5C07E20AC3B2A00B83C50 /* ViewController.swift */; };
		38F5C08220AC3B2B00B83C50 /* Main.storyboard in Resources */ = {isa = PBXBuildFile; fileRef = 38F5C08020AC3B2B00B83C50 /* Main.storyboard */; };
		38F5C08420AC3B9000B83C50 /* Assets.xcassets in Resources */ = {isa = PBXBuildFile; fileRef = 38F5C08320AC3B9000B83C50 /* Assets.xcassets */; };
		38F5C08720AC3B9000B83C50 /* LaunchScreen.storyboard in Resources */ = {isa = PBXBuildFile; fileRef = 38F5C08520AC3B9000B83C50 /* LaunchScreen.storyboard */; };
		38F5C09220AC3B9200B83C50 /* Meme_HistoryTests.swift in Sources */ = {isa = PBXBuildFile; fileRef = 38F5C09120AC3B9200B83C50 /* Meme_HistoryTests.swift */; };
		38F5C09D20AC3B9200B83C50 /* Meme_HistoryUITests.swift in Sources */ = {isa = PBXBuildFile; fileRef = 38F5C09C20AC3B9200B83C50 /* Meme_HistoryUITests.swift */; };
/* End PBXBuildFile section */

/* Begin PBXContainerItemProxy section */
		38F5C08E20AC3B9200B83C50 /* PBXContainerItemProxy */ = {
			isa = PBXContainerItemProxy;
			containerPortal = 38F5C07120AC3B2800B83C50 /* Project object */;
			proxyType = 1;
			remoteGlobalIDString = 38F5C07820AC3B2900B83C50;
			remoteInfo = Movies;
		};
		38F5C09920AC3B9200B83C50 /* PBXContainerItemProxy */ = {
			isa = PBXContainerItemProxy;
			containerPortal = 38F5C07120AC3B2800B83C50 /* Project object */;
			proxyType = 1;
			remoteGlobalIDString = 38F5C07820AC3B2900B83C50;
			remoteInfo = Movies;
		};
/* End PBXContainerItemProxy section */

/* Begin PBXFileReference section */
		386174D020ACE37200CCB40A /* MemesTableViewController.swift */ = {isa = PBXFileReference; lastKnownFileType = sourcecode.swift; path = MemesTableViewController.swift; sourceTree = "<group>"; };
		386174D220ACE3B200CCB40A /* MemeDescriptionController.swift */ = {isa = PBXFileReference; lastKnownFileType = sourcecode.swift; path = MemeDescriptionController.swift; sourceTree = "<group>"; };
		386174D420ACE95900CCB40A /* MemeTableViewCell.swift */ = {isa = PBXFileReference; lastKnownFileType = sourcecode.swift; path = MemeTableViewCell.swift; sourceTree = "<group>"; };
		386174D620ACEA2A00CCB40A /* MemeModel.swift */ = {isa = PBXFileReference; lastKnownFileType = sourcecode.swift; path = MemeModel.swift; sourceTree = "<group>"; };
		38F5C07920AC3B2A00B83C50 /* Meme History.app */ = {isa = PBXFileReference; explicitFileType = wrapper.application; includeInIndex = 0; path = "Meme History.app"; sourceTree = BUILT_PRODUCTS_DIR; };
		38F5C07C20AC3B2A00B83C50 /* AppDelegate.swift */ = {isa = PBXFileReference; lastKnownFileType = sourcecode.swift; path = AppDelegate.swift; sourceTree = "<group>"; };
		38F5C07E20AC3B2A00B83C50 /* ViewController.swift */ = {isa = PBXFileReference; lastKnownFileType = sourcecode.swift; path = ViewController.swift; sourceTree = "<group>"; };
		38F5C08120AC3B2B00B83C50 /* Base */ = {isa = PBXFileReference; lastKnownFileType = file.storyboard; name = Base; path = Base.lproj/Main.storyboard; sourceTree = "<group>"; };
		38F5C08320AC3B9000B83C50 /* Assets.xcassets */ = {isa = PBXFileReference; lastKnownFileType = folder.assetcatalog; path = Assets.xcassets; sourceTree = "<group>"; };
		38F5C08620AC3B9000B83C50 /* Base */ = {isa = PBXFileReference; lastKnownFileType = file.storyboard; name = Base; path = Base.lproj/LaunchScreen.storyboard; sourceTree = "<group>"; };
		38F5C08820AC3B9000B83C50 /* Info.plist */ = {isa = PBXFileReference; lastKnownFileType = text.plist.xml; path = Info.plist; sourceTree = "<group>"; };
		38F5C08D20AC3B9200B83C50 /* Meme HistoryTests.xctest */ = {isa = PBXFileReference; explicitFileType = wrapper.cfbundle; includeInIndex = 0; path = "Meme HistoryTests.xctest"; sourceTree = BUILT_PRODUCTS_DIR; };
		38F5C09120AC3B9200B83C50 /* Meme_HistoryTests.swift */ = {isa = PBXFileReference; lastKnownFileType = sourcecode.swift; path = Meme_HistoryTests.swift; sourceTree = "<group>"; };
		38F5C09320AC3B9200B83C50 /* Info.plist */ = {isa = PBXFileReference; lastKnownFileType = text.plist.xml; path = Info.plist; sourceTree = "<group>"; };
		38F5C09820AC3B9200B83C50 /* MemeHistoryUITests.xctest */ = {isa = PBXFileReference; explicitFileType = wrapper.cfbundle; includeInIndex = 0; path = MemeHistoryUITests.xctest; sourceTree = BUILT_PRODUCTS_DIR; };
		38F5C09C20AC3B9200B83C50 /* Meme_HistoryUITests.swift */ = {isa = PBXFileReference; lastKnownFileType = sourcecode.swift; path = Meme_HistoryUITests.swift; sourceTree = "<group>"; };
		38F5C09E20AC3B9200B83C50 /* Info.plist */ = {isa = PBXFileReference; lastKnownFileType = text.plist.xml; path = Info.plist; sourceTree = "<group>"; };
/* End PBXFileReference section */

/* Begin PBXFrameworksBuildPhase section */
		38F5C07620AC3B2900B83C50 /* Frameworks */ = {
			isa = PBXFrameworksBuildPhase;
			buildActionMask = 2147483647;
			files = (
			);
			runOnlyForDeploymentPostprocessing = 0;
		};
		38F5C08A20AC3B9200B83C50 /* Frameworks */ = {
			isa = PBXFrameworksBuildPhase;
			buildActionMask = 2147483647;
			files = (
			);
			runOnlyForDeploymentPostprocessing = 0;
		};
		38F5C09520AC3B9200B83C50 /* Frameworks */ = {
			isa = PBXFrameworksBuildPhase;
			buildActionMask = 2147483647;
			files = (
			);
			runOnlyForDeploymentPostprocessing = 0;
		};
/* End PBXFrameworksBuildPhase section */

/* Begin PBXGroup section */
		38F5C07020AC3B2700B83C50 = {
			isa = PBXGroup;
			children = (
				38F5C07B20AC3B2A00B83C50 /* Meme History */,
				38F5C09020AC3B9200B83C50 /* Meme HistoryTests */,
				38F5C09B20AC3B9200B83C50 /* Meme HistoryUITests */,
				38F5C07A20AC3B2A00B83C50 /* Products */,
			);
			sourceTree = "<group>";
		};
		38F5C07A20AC3B2A00B83C50 /* Products */ = {
			isa = PBXGroup;
			children = (
				38F5C07920AC3B2A00B83C50 /* Meme History.app */,
				38F5C08D20AC3B9200B83C50 /* Meme HistoryTests.xctest */,
				38F5C09820AC3B9200B83C50 /* MemeHistoryUITests.xctest */,
			);
			name = Products;
			sourceTree = "<group>";
		};
		38F5C07B20AC3B2A00B83C50 /* Meme History */ = {
			isa = PBXGroup;
			children = (
				38F5C07C20AC3B2A00B83C50 /* AppDelegate.swift */,
				38F5C07E20AC3B2A00B83C50 /* ViewController.swift */,
				38F5C08020AC3B2B00B83C50 /* Main.storyboard */,
				38F5C08320AC3B9000B83C50 /* Assets.xcassets */,
				38F5C08520AC3B9000B83C50 /* LaunchScreen.storyboard */,
				38F5C08820AC3B9000B83C50 /* Info.plist */,
				386174D020ACE37200CCB40A /* MemesTableViewController.swift */,
				386174D220ACE3B200CCB40A /* MemeDescriptionController.swift */,
				386174D420ACE95900CCB40A /* MemeTableViewCell.swift */,
				386174D620ACEA2A00CCB40A /* MemeModel.swift */,
			);
			path = "Meme History";
			sourceTree = "<group>";
		};
		38F5C09020AC3B9200B83C50 /* Meme HistoryTests */ = {
			isa = PBXGroup;
			children = (
				38F5C09120AC3B9200B83C50 /* Meme_HistoryTests.swift */,
				38F5C09320AC3B9200B83C50 /* Info.plist */,
			);
			path = "Meme HistoryTests";
			sourceTree = "<group>";
		};
		38F5C09B20AC3B9200B83C50 /* Meme HistoryUITests */ = {
			isa = PBXGroup;
			children = (
				38F5C09C20AC3B9200B83C50 /* Meme_HistoryUITests.swift */,
				38F5C09E20AC3B9200B83C50 /* Info.plist */,
			);
			path = "Meme HistoryUITests";
			sourceTree = "<group>";
		};
/* End PBXGroup section */

/* Begin PBXNativeTarget section */
		38F5C07820AC3B2900B83C50 /* Meme History */ = {
			isa = PBXNativeTarget;
			buildConfigurationList = 38F5C0A120AC3B9200B83C50 /* Build configuration list for PBXNativeTarget "Meme History" */;
			buildPhases = (
				38F5C07520AC3B2900B83C50 /* Sources */,
				38F5C07620AC3B2900B83C50 /* Frameworks */,
				38F5C07720AC3B2900B83C50 /* Resources */,
			);
			buildRules = (
			);
			dependencies = (
			);
			name = "Meme History";
			productName = Movies;
			productReference = 38F5C07920AC3B2A00B83C50 /* Meme History.app */;
			productType = "com.apple.product-type.application";
		};
		38F5C08C20AC3B9200B83C50 /* Meme HistoryTests */ = {
			isa = PBXNativeTarget;
			buildConfigurationList = 38F5C0A420AC3B9200B83C50 /* Build configuration list for PBXNativeTarget "Meme HistoryTests" */;
			buildPhases = (
				38F5C08920AC3B9200B83C50 /* Sources */,
				38F5C08A20AC3B9200B83C50 /* Frameworks */,
				38F5C08B20AC3B9200B83C50 /* Resources */,
			);
			buildRules = (
			);
			dependencies = (
				38F5C08F20AC3B9200B83C50 /* PBXTargetDependency */,
			);
			name = "Meme HistoryTests";
			productName = MoviesTests;
			productReference = 38F5C08D20AC3B9200B83C50 /* Meme HistoryTests.xctest */;
			productType = "com.apple.product-type.bundle.unit-test";
		};
		38F5C09720AC3B9200B83C50 /* MemeHistoryUITests */ = {
			isa = PBXNativeTarget;
			buildConfigurationList = 38F5C0A720AC3B9200B83C50 /* Build configuration list for PBXNativeTarget "MemeHistoryUITests" */;
			buildPhases = (
				38F5C09420AC3B9200B83C50 /* Sources */,
				38F5C09520AC3B9200B83C50 /* Frameworks */,
				38F5C09620AC3B9200B83C50 /* Resources */,
			);
			buildRules = (
			);
			dependencies = (
				38F5C09A20AC3B9200B83C50 /* PBXTargetDependency */,
			);
			name = MemeHistoryUITests;
			productName = MoviesUITests;
			productReference = 38F5C09820AC3B9200B83C50 /* MemeHistoryUITests.xctest */;
			productType = "com.apple.product-type.bundle.ui-testing";
		};
/* End PBXNativeTarget section */

/* Begin PBXProject section */
		38F5C07120AC3B2800B83C50 /* Project object */ = {
			isa = PBXProject;
			attributes = {
				LastSwiftUpdateCheck = 0930;
				LastUpgradeCheck = 0930;
				ORGANIZATIONNAME = "Alvaro Bilbao La Vieja";
				TargetAttributes = {
					38F5C07820AC3B2900B83C50 = {
						CreatedOnToolsVersion = 9.3;
						ProvisioningStyle = Automatic;
					};
					38F5C08C20AC3B9200B83C50 = {
						CreatedOnToolsVersion = 9.3;
						ProvisioningStyle = Automatic;
						TestTargetID = 38F5C07820AC3B2900B83C50;
					};
					38F5C09720AC3B9200B83C50 = {
						CreatedOnToolsVersion = 9.3;
						ProvisioningStyle = Automatic;
						TestTargetID = 38F5C07820AC3B2900B83C50;
					};
				};
			};
			buildConfigurationList = 38F5C07420AC3B2800B83C50 /* Build configuration list for PBXProject "Meme History" */;
			compatibilityVersion = "Xcode 8.0";
			developmentRegion = en;
			hasScannedForEncodings = 0;
			knownRegions = (
				en,
				Base,
			);
			mainGroup = 38F5C07020AC3B2700B83C50;
			productRefGroup = 38F5C07A20AC3B2A00B83C50 /* Products */;
			projectDirPath = "";
			projectRoot = "";
			targets = (
				38F5C07820AC3B2900B83C50 /* Meme History */,
				38F5C08C20AC3B9200B83C50 /* Meme HistoryTests */,
				38F5C09720AC3B9200B83C50 /* MemeHistoryUITests */,
			);
		};
/* End PBXProject section */

/* Begin PBXResourcesBuildPhase section */
		38F5C07720AC3B2900B83C50 /* Resources */ = {
			isa = PBXResourcesBuildPhase;
			buildActionMask = 2147483647;
			files = (
				38F5C08720AC3B9000B83C50 /* LaunchScreen.storyboard in Resources */,
				38F5C08420AC3B9000B83C50 /* Assets.xcassets in Resources */,
				38F5C08220AC3B2B00B83C50 /* Main.storyboard in Resources */,
			);
			runOnlyForDeploymentPostprocessing = 0;
		};
		38F5C08B20AC3B9200B83C50 /* Resources */ = {
			isa = PBXResourcesBuildPhase;
			buildActionMask = 2147483647;
			files = (
			);
			runOnlyForDeploymentPostprocessing = 0;
		};
		38F5C09620AC3B9200B83C50 /* Resources */ = {
			isa = PBXResourcesBuildPhase;
			buildActionMask = 2147483647;
			files = (
			);
			runOnlyForDeploymentPostprocessing = 0;
		};
/* End PBXResourcesBuildPhase section */

/* Begin PBXSourcesBuildPhase section */
		38F5C07520AC3B2900B83C50 /* Sources */ = {
			isa = PBXSourcesBuildPhase;
			buildActionMask = 2147483647;
			files = (
				386174D720ACEA2A00CCB40A /* MemeModel.swift in Sources */,
				386174D520ACE95900CCB40A /* MemeTableViewCell.swift in Sources */,
				386174D120ACE37300CCB40A /* MemesTableViewController.swift in Sources */,
				38F5C07F20AC3B2A00B83C50 /* ViewController.swift in Sources */,
				386174D320ACE3B200CCB40A /* MemeDescriptionController.swift in Sources */,
				38F5C07D20AC3B2A00B83C50 /* AppDelegate.swift in Sources */,
			);
			runOnlyForDeploymentPostprocessing = 0;
		};
		38F5C08920AC3B9200B83C50 /* Sources */ = {
			isa = PBXSourcesBuildPhase;
			buildActionMask = 2147483647;
			files = (
				38F5C09220AC3B9200B83C50 /* Meme_HistoryTests.swift in Sources */,
			);
			runOnlyForDeploymentPostprocessing = 0;
		};
		38F5C09420AC3B9200B83C50 /* Sources */ = {
			isa = PBXSourcesBuildPhase;
			buildActionMask = 2147483647;
			files = (
				38F5C09D20AC3B9200B83C50 /* Meme_HistoryUITests.swift in Sources */,
			);
			runOnlyForDeploymentPostprocessing = 0;
		};
/* End PBXSourcesBuildPhase section */

/* Begin PBXTargetDependency section */
		38F5C08F20AC3B9200B83C50 /* PBXTargetDependency */ = {
			isa = PBXTargetDependency;
			target = 38F5C07820AC3B2900B83C50 /* Meme History */;
			targetProxy = 38F5C08E20AC3B9200B83C50 /* PBXContainerItemProxy */;
		};
		38F5C09A20AC3B9200B83C50 /* PBXTargetDependency */ = {
			isa = PBXTargetDependency;
			target = 38F5C07820AC3B2900B83C50 /* Meme History */;
			targetProxy = 38F5C09920AC3B9200B83C50 /* PBXContainerItemProxy */;
		};
/* End PBXTargetDependency section */

/* Begin PBXVariantGroup section */
		38F5C08020AC3B2B00B83C50 /* Main.storyboard */ = {
			isa = PBXVariantGroup;
			children = (
				38F5C08120AC3B2B00B83C50 /* Base */,
			);
			name = Main.storyboard;
			sourceTree = "<group>";
		};
		38F5C08520AC3B9000B83C50 /* LaunchScreen.storyboard */ = {
			isa = PBXVariantGroup;
			children = (
				38F5C08620AC3B9000B83C50 /* Base */,
			);
			name = LaunchScreen.storyboard;
			sourceTree = "<group>";
		};
/* End PBXVariantGroup section */

/* Begin XCBuildConfiguration section */
		38F5C09F20AC3B9200B83C50 /* Debug */ = {
			isa = XCBuildConfiguration;
			buildSettings = {
				ALWAYS_SEARCH_USER_PATHS = NO;
				CLANG_ANALYZER_NONNULL = YES;
				CLANG_ANALYZER_NUMBER_OBJECT_CONVERSION = YES_AGGRESSIVE;
				CLANG_CXX_LANGUAGE_STANDARD = "gnu++14";
				CLANG_CXX_LIBRARY = "libc++";
				CLANG_ENABLE_MODULES = YES;
				CLANG_ENABLE_OBJC_ARC = YES;
				CLANG_ENABLE_OBJC_WEAK = YES;
				CLANG_WARN_BLOCK_CAPTURE_AUTORELEASING = YES;
				CLANG_WARN_BOOL_CONVERSION = YES;
				CLANG_WARN_COMMA = YES;
				CLANG_WARN_CONSTANT_CONVERSION = YES;
				CLANG_WARN_DEPRECATED_OBJC_IMPLEMENTATIONS = YES;
				CLANG_WARN_DIRECT_OBJC_ISA_USAGE = YES_ERROR;
				CLANG_WARN_DOCUMENTATION_COMMENTS = YES;
				CLANG_WARN_EMPTY_BODY = YES;
				CLANG_WARN_ENUM_CONVERSION = YES;
				CLANG_WARN_INFINITE_RECURSION = YES;
				CLANG_WARN_INT_CONVERSION = YES;
				CLANG_WARN_NON_LITERAL_NULL_CONVERSION = YES;
				CLANG_WARN_OBJC_IMPLICIT_RETAIN_SELF = YES;
				CLANG_WARN_OBJC_LITERAL_CONVERSION = YES;
				CLANG_WARN_OBJC_ROOT_CLASS = YES_ERROR;
				CLANG_WARN_RANGE_LOOP_ANALYSIS = YES;
				CLANG_WARN_STRICT_PROTOTYPES = YES;
				CLANG_WARN_SUSPICIOUS_MOVE = YES;
				CLANG_WARN_UNGUARDED_AVAILABILITY = YES_AGGRESSIVE;
				CLANG_WARN_UNREACHABLE_CODE = YES;
				CLANG_WARN__DUPLICATE_METHOD_MATCH = YES;
				CODE_SIGN_IDENTITY = "iPhone Developer";
				COPY_PHASE_STRIP = NO;
				DEBUG_INFORMATION_FORMAT = dwarf;
				ENABLE_STRICT_OBJC_MSGSEND = YES;
				ENABLE_TESTABILITY = YES;
				GCC_C_LANGUAGE_STANDARD = gnu11;
				GCC_DYNAMIC_NO_PIC = NO;
				GCC_NO_COMMON_BLOCKS = YES;
				GCC_OPTIMIZATION_LEVEL = 0;
				GCC_PREPROCESSOR_DEFINITIONS = (
					"DEBUG=1",
					"$(inherited)",
				);
				GCC_WARN_64_TO_32_BIT_CONVERSION = YES;
				GCC_WARN_ABOUT_RETURN_TYPE = YES_ERROR;
				GCC_WARN_UNDECLARED_SELECTOR = YES;
				GCC_WARN_UNINITIALIZED_AUTOS = YES_AGGRESSIVE;
				GCC_WARN_UNUSED_FUNCTION = YES;
				GCC_WARN_UNUSED_VARIABLE = YES;
				IPHONEOS_DEPLOYMENT_TARGET = 11.3;
				MTL_ENABLE_DEBUG_INFO = YES;
				ONLY_ACTIVE_ARCH = YES;
				SDKROOT = iphoneos;
				SWIFT_ACTIVE_COMPILATION_CONDITIONS = DEBUG;
				SWIFT_OPTIMIZATION_LEVEL = "-Onone";
			};
			name = Debug;
		};
		38F5C0A020AC3B9200B83C50 /* Release */ = {
			isa = XCBuildConfiguration;
			buildSettings = {
				ALWAYS_SEARCH_USER_PATHS = NO;
				CLANG_ANALYZER_NONNULL = YES;
				CLANG_ANALYZER_NUMBER_OBJECT_CONVERSION = YES_AGGRESSIVE;
				CLANG_CXX_LANGUAGE_STANDARD = "gnu++14";
				CLANG_CXX_LIBRARY = "libc++";
				CLANG_ENABLE_MODULES = YES;
				CLANG_ENABLE_OBJC_ARC = YES;
				CLANG_ENABLE_OBJC_WEAK = YES;
				CLANG_WARN_BLOCK_CAPTURE_AUTORELEASING = YES;
				CLANG_WARN_BOOL_CONVERSION = YES;
				CLANG_WARN_COMMA = YES;
				CLANG_WARN_CONSTANT_CONVERSION = YES;
				CLANG_WARN_DEPRECATED_OBJC_IMPLEMENTATIONS = YES;
				CLANG_WARN_DIRECT_OBJC_ISA_USAGE = YES_ERROR;
				CLANG_WARN_DOCUMENTATION_COMMENTS = YES;
				CLANG_WARN_EMPTY_BODY = YES;
				CLANG_WARN_ENUM_CONVERSION = YES;
				CLANG_WARN_INFINITE_RECURSION = YES;
				CLANG_WARN_INT_CONVERSION = YES;
				CLANG_WARN_NON_LITERAL_NULL_CONVERSION = YES;
				CLANG_WARN_OBJC_IMPLICIT_RETAIN_SELF = YES;
				CLANG_WARN_OBJC_LITERAL_CONVERSION = YES;
				CLANG_WARN_OBJC_ROOT_CLASS = YES_ERROR;
				CLANG_WARN_RANGE_LOOP_ANALYSIS = YES;
				CLANG_WARN_STRICT_PROTOTYPES = YES;
				CLANG_WARN_SUSPICIOUS_MOVE = YES;
				CLANG_WARN_UNGUARDED_AVAILABILITY = YES_AGGRESSIVE;
				CLANG_WARN_UNREACHABLE_CODE = YES;
				CLANG_WARN__DUPLICATE_METHOD_MATCH = YES;
				CODE_SIGN_IDENTITY = "iPhone Developer";
				COPY_PHASE_STRIP = NO;
				DEBUG_INFORMATION_FORMAT = "dwarf-with-dsym";
				ENABLE_NS_ASSERTIONS = NO;
				ENABLE_STRICT_OBJC_MSGSEND = YES;
				GCC_C_LANGUAGE_STANDARD = gnu11;
				GCC_NO_COMMON_BLOCKS = YES;
				GCC_WARN_64_TO_32_BIT_CONVERSION = YES;
				GCC_WARN_ABOUT_RETURN_TYPE = YES_ERROR;
				GCC_WARN_UNDECLARED_SELECTOR = YES;
				GCC_WARN_UNINITIALIZED_AUTOS = YES_AGGRESSIVE;
				GCC_WARN_UNUSED_FUNCTION = YES;
				GCC_WARN_UNUSED_VARIABLE = YES;
				IPHONEOS_DEPLOYMENT_TARGET = 11.3;
				MTL_ENABLE_DEBUG_INFO = NO;
				SDKROOT = iphoneos;
				SWIFT_OPTIMIZATION_LEVEL = "-Owholemodule";
				VALIDATE_PRODUCT = YES;
			};
			name = Release;
		};
		38F5C0A220AC3B9200B83C50 /* Debug */ = {
			isa = XCBuildConfiguration;
			buildSettings = {
				ASSETCATALOG_COMPILER_APPICON_NAME = AppIcon;
				CODE_SIGN_STYLE = Automatic;
				INFOPLIST_FILE = "$(SRCROOT)/Meme History/Info.plist";
				IPHONEOS_DEPLOYMENT_TARGET = 11.2;
				LD_RUNPATH_SEARCH_PATHS = "$(inherited) @executable_path/Frameworks";
				PRODUCT_BUNDLE_IDENTIFIER = epita.project.ios.Movies;
				PRODUCT_NAME = "$(TARGET_NAME)";
				SWIFT_VERSION = 4.0;
				TARGETED_DEVICE_FAMILY = "1,2";
			};
			name = Debug;
		};
		38F5C0A320AC3B9200B83C50 /* Release */ = {
			isa = XCBuildConfiguration;
			buildSettings = {
				ASSETCATALOG_COMPILER_APPICON_NAME = AppIcon;
				CODE_SIGN_STYLE = Automatic;
				INFOPLIST_FILE = "$(SRCROOT)/Meme History/Info.plist";
				IPHONEOS_DEPLOYMENT_TARGET = 11.2;
				LD_RUNPATH_SEARCH_PATHS = "$(inherited) @executable_path/Frameworks";
				PRODUCT_BUNDLE_IDENTIFIER = epita.project.ios.Movies;
				PRODUCT_NAME = "$(TARGET_NAME)";
				SWIFT_VERSION = 4.0;
				TARGETED_DEVICE_FAMILY = "1,2";
			};
			name = Release;
		};
		38F5C0A520AC3B9200B83C50 /* Debug */ = {
			isa = XCBuildConfiguration;
			buildSettings = {
				ALWAYS_EMBED_SWIFT_STANDARD_LIBRARIES = YES;
				BUNDLE_LOADER = "$(TEST_HOST)";
				CODE_SIGN_STYLE = Automatic;
				INFOPLIST_FILE = MoviesTests/Info.plist;
				IPHONEOS_DEPLOYMENT_TARGET = 11.2;
				LD_RUNPATH_SEARCH_PATHS = "$(inherited) @executable_path/Frameworks @loader_path/Frameworks";
				PRODUCT_BUNDLE_IDENTIFIER = epita.project.ios.MoviesTests;
				PRODUCT_NAME = "$(TARGET_NAME)";
				SWIFT_VERSION = 4.0;
				TARGETED_DEVICE_FAMILY = "1,2";
				TEST_HOST = "$(BUILT_PRODUCTS_DIR)/Movies.app/Movies";
			};
			name = Debug;
		};
		38F5C0A620AC3B9200B83C50 /* Release */ = {
			isa = XCBuildConfiguration;
			buildSettings = {
				ALWAYS_EMBED_SWIFT_STANDARD_LIBRARIES = YES;
				BUNDLE_LOADER = "$(TEST_HOST)";
				CODE_SIGN_STYLE = Automatic;
				INFOPLIST_FILE = MoviesTests/Info.plist;
				IPHONEOS_DEPLOYMENT_TARGET = 11.2;
				LD_RUNPATH_SEARCH_PATHS = "$(inherited) @executable_path/Frameworks @loader_path/Frameworks";
				PRODUCT_BUNDLE_IDENTIFIER = epita.project.ios.MoviesTests;
				PRODUCT_NAME = "$(TARGET_NAME)";
				SWIFT_VERSION = 4.0;
				TARGETED_DEVICE_FAMILY = "1,2";
				TEST_HOST = "$(BUILT_PRODUCTS_DIR)/Movies.app/Movies";
			};
			name = Release;
		};
		38F5C0A820AC3B9200B83C50 /* Debug */ = {
			isa = XCBuildConfiguration;
			buildSettings = {
				ALWAYS_EMBED_SWIFT_STANDARD_LIBRARIES = YES;
				CODE_SIGN_STYLE = Automatic;
				INFOPLIST_FILE = MoviesUITests/Info.plist;
				IPHONEOS_DEPLOYMENT_TARGET = 11.2;
				LD_RUNPATH_SEARCH_PATHS = "$(inherited) @executable_path/Frameworks @loader_path/Frameworks";
				PRODUCT_BUNDLE_IDENTIFIER = epita.project.ios.MoviesUITests;
				PRODUCT_NAME = "$(TARGET_NAME)";
				SWIFT_VERSION = 4.0;
				TARGETED_DEVICE_FAMILY = "1,2";
				TEST_TARGET_NAME = Movies;
			};
			name = Debug;
		};
		38F5C0A920AC3B9200B83C50 /* Release */ = {
			isa = XCBuildConfiguration;
			buildSettings = {
				ALWAYS_EMBED_SWIFT_STANDARD_LIBRARIES = YES;
				CODE_SIGN_STYLE = Automatic;
				INFOPLIST_FILE = MoviesUITests/Info.plist;
				IPHONEOS_DEPLOYMENT_TARGET = 11.2;
				LD_RUNPATH_SEARCH_PATHS = "$(inherited) @executable_path/Frameworks @loader_path/Frameworks";
				PRODUCT_BUNDLE_IDENTIFIER = epita.project.ios.MoviesUITests;
				PRODUCT_NAME = "$(TARGET_NAME)";
				SWIFT_VERSION = 4.0;
				TARGETED_DEVICE_FAMILY = "1,2";
				TEST_TARGET_NAME = Movies;
			};
			name = Release;
		};
/* End XCBuildConfiguration section */

/* Begin XCConfigurationList section */
		38F5C07420AC3B2800B83C50 /* Build configuration list for PBXProject "Meme History" */ = {
			isa = XCConfigurationList;
			buildConfigurations = (
				38F5C09F20AC3B9200B83C50 /* Debug */,
				38F5C0A020AC3B9200B83C50 /* Release */,
			);
			defaultConfigurationIsVisible = 0;
			defaultConfigurationName = Release;
		};
		38F5C0A120AC3B9200B83C50 /* Build configuration list for PBXNativeTarget "Meme History" */ = {
			isa = XCConfigurationList;
			buildConfigurations = (
				38F5C0A220AC3B9200B83C50 /* Debug */,
				38F5C0A320AC3B9200B83C50 /* Release */,
			);
			defaultConfigurationIsVisible = 0;
			defaultConfigurationName = Release;
		};
		38F5C0A420AC3B9200B83C50 /* Build configuration list for PBXNativeTarget "Meme HistoryTests" */ = {
			isa = XCConfigurationList;
			buildConfigurations = (
				38F5C0A520AC3B9200B83C50 /* Debug */,
				38F5C0A620AC3B9200B83C50 /* Release */,
			);
			defaultConfigurationIsVisible = 0;
			defaultConfigurationName = Release;
		};
		38F5C0A720AC3B9200B83C50 /* Build configuration list for PBXNativeTarget "MemeHistoryUITests" */ = {
			isa = XCConfigurationList;
			buildConfigurations = (
				38F5C0A820AC3B9200B83C50 /* Debug */,
				38F5C0A920AC3B9200B83C50 /* Release */,
			);
			defaultConfigurationIsVisible = 0;
			defaultConfigurationName = Release;
		};
/* End XCConfigurationList section */
	};
	rootObject = 38F5C07120AC3B2800B83C50 /* Project object */;
}
